<Solution>
  <Configurations>
    <Platform Name="Any CPU" />
    <Platform Name="x64" />
    <Platform Name="x86" />
  </Configurations>
  <Folder Name="/samples/">
    <Project Path="samples/Unicorn.Net.Samples.Arm/Unicorn.Net.Samples.Arm.csproj" />
    <Project Path="samples/Unicorn.Net.Samples.Mips/Unicorn.Net.Samples.Mips.csproj" />
    <Project Path="samples/Unicorn.Net.Samples.Shellcode/Unicorn.Net.Samples.Shellcode.csproj" />
    <Project Path="samples/Unicorn.Net.Samples.X86/Unicorn.Net.Samples.X86.csproj" />
  </Folder>
  <Folder Name="/src/">
    <Project Path="src/Unicorn.Net.ConsoleTests/Unicorn.Net.ConsoleTests.csproj" />
    <Project Path="src/Unicorn.Net/Unicorn.Net.csproj" />
  </Folder>
</Solution>
